
Microsoft Visual Studio Solution File, Format Version 12.00
# Visual Studio Version 17
VisualStudioVersion = 17.8.34408.163
MinimumVisualStudioVersion = 10.0.40219.1
Project("{FAE04EC0-301F-11D3-BF4B-00C04F79EFBC}") = "modul3_1302220063", "modul3_1302220063\modul3_1302220063.csproj", "{44208682-06EA-414E-ACF5-7EB4F72D0E13}"
EndProject
Global
	GlobalSection(SolutionConfigurationPlatforms) = preSolution
		Debug|Any CPU = Debug|Any CPU
		Release|Any CPU = Release|Any CPU
	EndGlobalSection
	GlobalSection(ProjectConfigurationPlatforms) = postSolution
		{44208682-06EA-414E-ACF5-7EB4F72D0E13}.Debug|Any CPU.ActiveCfg = Debug|Any CPU
		{44208682-06EA-414E-ACF5-7EB4F72D0E13}.Debug|Any CPU.Build.0 = Debug|Any CPU
		{44208682-06EA-414E-ACF5-7EB4F72D0E13}.Release|Any CPU.ActiveCfg = Release|Any CPU
		{44208682-06EA-414E-ACF5-7EB4F72D0E13}.Release|Any CPU.Build.0 = Release|Any CPU
	EndGlobalSection
	GlobalSection(SolutionProperties) = preSolution
		HideSolutionNode = FALSE
	EndGlobalSection
	GlobalSection(ExtensibilityGlobals) = postSolution
		SolutionGuid = {A0B44962-D327-460D-B492-E98ACF5FCE9B}
	EndGlobalSection
EndGlobal
